<?xml version="1.0" encoding="utf-8"?>
<Project ToolsVersion="4.0" xmlns="http://schemas.microsoft.com/developer/msbuild/2003">
  <ItemGroup>
    <Filter Include="Source Files">
      <UniqueIdentifier>{4FC737F1-C7A5-4376-A066-2A32D752A2FF}</UniqueIdentifier>
      <Extensions>cpp;c;cc;cxx;c++;cppm;ixx;def;odl;idl;hpj;bat;asm;asmx</Extensions>
    </Filter>
    <Filter Include="Header Files">
      <UniqueIdentifier>{93995380-89BD-4b04-88EB-625FBE52EBFB}</UniqueIdentifier>
      <Extensions>h;hh;hpp;hxx;h++;hm;inl;inc;ipp;xsd</Extensions>
    </Filter>
    <Filter Include="Resource Files">
      <UniqueIdentifier>{67DA6AB6-F800-4c08-8B7A-83BB121AAD01}</UniqueIdentifier>
      <Extensions>rc;ico;cur;bmp;dlg;rc2;rct;bin;rgs;gif;jpg;jpeg;jpe;resx;tiff;tif;png;wav;mfcribbon-ms</Extensions>
    </Filter>
  </ItemGroup>
  <ItemGroup>
    <ClCompile Include="DirectedGraph\Graph.cpp">
      <Filter>Source Files</Filter>
    </ClCompile>
    <ClCompile Include="DirectedGraph\Vertex.cpp">
      <Filter>Source Files</Filter>
    </ClCompile>
    <ClCompile Include="DS.DSConsole.cpp">
      <Filter>Source Files</Filter>
    </ClCompile>
    <ClCompile Include="BinaryTree\BinaryTree.Tree.cpp">
      <Filter>Source Files</Filter>
    </ClCompile>
    <ClCompile Include="BinaryTree\BinaryTree.Node.cpp">
      <Filter>Source Files</Filter>
    </ClCompile>
    <ClCompile Include="ThreadedBinaryTree\ThreadedBinaryTree.Tree.cpp">
      <Filter>Source Files</Filter>
    </ClCompile>
    <ClCompile Include="ThreadedBinaryTree\ThreadedBinaryTree.Node.cpp">
      <Filter>Source Files</Filter>
    </ClCompile>
  </ItemGroup>
  <ItemGroup>
    <ClInclude Include="DirectedGraph\Graph.h">
      <Filter>Header Files</Filter>
    </ClInclude>
    <ClInclude Include="DirectedGraph\Vertex.h">
      <Filter>Header Files</Filter>
    </ClInclude>
    <ClInclude Include="BinaryTree\BinaryTree.Tree.h">
      <Filter>Header Files</Filter>
    </ClInclude>
    <ClInclude Include="BinaryTree\BinaryTree.Node.h">
      <Filter>Header Files</Filter>
    </ClInclude>
    <ClInclude Include="ThreadedBinaryTree\ThreadedBinaryTree.Tree.h">
      <Filter>Header Files</Filter>
    </ClInclude>
    <ClInclude Include="ThreadedBinaryTree\ThreadedBinaryTree.Node.h">
      <Filter>Header Files</Filter>
    </ClInclude>
  </ItemGroup>
  <ItemGroup>
    <Text Include="DirectedGraph\Sample.txt" />
  </ItemGroup>
</Project>